
Microsoft Visual Studio Solution File, Format Version 12.00
# Visual Studio Version 16
VisualStudioVersion = 16.0.30517.126
MinimumVisualStudioVersion = 10.0.40219.1
Project("{FAE04EC0-301F-11D3-BF4B-00C04F79EFBC}") = "CrewOnDemandService", "CrewOnDemandService.csproj", "{F885DAC6-7D44-4F9D-A3A0-ABA4FD1C0BE4}"
EndProject
Project("{FAE04EC0-301F-11D3-BF4B-00C04F79EFBC}") = "CrewOnDemandServiceTest", "..\CrewOnDemandServiceTest\CrewOnDemandServiceTest.csproj", "{EF72E0B1-32C9-46EE-ADD2-93D316BCD2A9}"
EndProject
Global
	GlobalSection(SolutionConfigurationPlatforms) = preSolution
		Debug|Any CPU = Debug|Any CPU
		Release|Any CPU = Release|Any CPU
	EndGlobalSection
	GlobalSection(ProjectConfigurationPlatforms) = postSolution
		{F885DAC6-7D44-4F9D-A3A0-ABA4FD1C0BE4}.Debug|Any CPU.ActiveCfg = Debug|Any CPU
		{F885DAC6-7D44-4F9D-A3A0-ABA4FD1C0BE4}.Debug|Any CPU.Build.0 = Debug|Any CPU
		{F885DAC6-7D44-4F9D-A3A0-ABA4FD1C0BE4}.Release|Any CPU.ActiveCfg = Release|Any CPU
		{F885DAC6-7D44-4F9D-A3A0-ABA4FD1C0BE4}.Release|Any CPU.Build.0 = Release|Any CPU
		{EF72E0B1-32C9-46EE-ADD2-93D316BCD2A9}.Debug|Any CPU.ActiveCfg = Debug|Any CPU
		{EF72E0B1-32C9-46EE-ADD2-93D316BCD2A9}.Debug|Any CPU.Build.0 = Debug|Any CPU
		{EF72E0B1-32C9-46EE-ADD2-93D316BCD2A9}.Release|Any CPU.ActiveCfg = Release|Any CPU
		{EF72E0B1-32C9-46EE-ADD2-93D316BCD2A9}.Release|Any CPU.Build.0 = Release|Any CPU
	EndGlobalSection
	GlobalSection(SolutionProperties) = preSolution
		HideSolutionNode = FALSE
	EndGlobalSection
	GlobalSection(ExtensibilityGlobals) = postSolution
		SolutionGuid = {BCACA562-E2C6-4E9F-894C-A7CDDA4B3433}
	EndGlobalSection
EndGlobal
